
Microsoft Visual Studio Solution File, Format Version 12.00
# Visual Studio Version 17
VisualStudioVersion = 17.1.32210.238
MinimumVisualStudioVersion = 10.0.40219.1
Project("{FAE04EC0-301F-11D3-BF4B-00C04F79EFBC}") = "Prueba", "Prueba\Prueba.csproj", "{5CB1FDD8-0445-4D4A-A0A3-81DE9E504BEB}"
EndProject
Global
	GlobalSection(SolutionConfigurationPlatforms) = preSolution
		Debug|Any CPU = Debug|Any CPU
		Release|Any CPU = Release|Any CPU
	EndGlobalSection
	GlobalSection(ProjectConfigurationPlatforms) = postSolution
		{5CB1FDD8-0445-4D4A-A0A3-81DE9E504BEB}.Debug|Any CPU.ActiveCfg = Debug|Any CPU
		{5CB1FDD8-0445-4D4A-A0A3-81DE9E504BEB}.Debug|Any CPU.Build.0 = Debug|Any CPU
		{5CB1FDD8-0445-4D4A-A0A3-81DE9E504BEB}.Release|Any CPU.ActiveCfg = Release|Any CPU
		{5CB1FDD8-0445-4D4A-A0A3-81DE9E504BEB}.Release|Any CPU.Build.0 = Release|Any CPU
	EndGlobalSection
	GlobalSection(SolutionProperties) = preSolution
		HideSolutionNode = FALSE
	EndGlobalSection
	GlobalSection(ExtensibilityGlobals) = postSolution
		SolutionGuid = {0FC1DE36-F2EE-4FCA-B223-F9097BEC9B63}
	EndGlobalSection
EndGlobal
